hash: 23c3b60ea92e489e4e3b09bb1c43d859a0d9ce903f945ddbc4a42f06235881f7
updated: 2016-11-30T21:18:16.133221273-04:00
imports:
- name: github.com/mitchellh/hashstructure
  version: b098c52ef6beab8cd82bc4a32422cf54b890e8fa
- name: github.com/vharitonsky/iniflags
  version: 743d6901e7ca8ab61ac533a8c49939ac8b560e72
- name: gopkg.in/mgo.v2
  version: 3f83fa5005286a7fe593b055f0d7771a7dce4655
  subpackages:
  - bson
  - internal/json
  - internal/sasl
  - internal/scram
testImports: []
